
Microsoft Visual Studio Solution File, Format Version 12.00
# Visual Studio Version 16
VisualStudioVersion = 16.0.30503.244
MinimumVisualStudioVersion = 10.0.40219.1
Project("{FAE04EC0-301F-11D3-BF4B-00C04F79EFBC}") = "Hotel_Reservation_System", "Hotel_Reservation_System\Hotel_Reservation_System.csproj", "{7E70D85D-0638-4D54-B46C-4D9A76F5F769}"
EndProject
Global
	GlobalSection(SolutionConfigurationPlatforms) = preSolution
		Debug|Any CPU = Debug|Any CPU
		Release|Any CPU = Release|Any CPU
	EndGlobalSection
	GlobalSection(ProjectConfigurationPlatforms) = postSolution
		{7E70D85D-0638-4D54-B46C-4D9A76F5F769}.Debug|Any CPU.ActiveCfg = Debug|Any CPU
		{7E70D85D-0638-4D54-B46C-4D9A76F5F769}.Debug|Any CPU.Build.0 = Debug|Any CPU
		{7E70D85D-0638-4D54-B46C-4D9A76F5F769}.Release|Any CPU.ActiveCfg = Release|Any CPU
		{7E70D85D-0638-4D54-B46C-4D9A76F5F769}.Release|Any CPU.Build.0 = Release|Any CPU
	EndGlobalSection
	GlobalSection(SolutionProperties) = preSolution
		HideSolutionNode = FALSE
	EndGlobalSection
	GlobalSection(ExtensibilityGlobals) = postSolution
		SolutionGuid = {386C6005-94A7-40BE-8A09-F1FA980A3F25}
	EndGlobalSection
EndGlobal
